
Microsoft Visual Studio Solution File, Format Version 12.00
# Visual Studio Version 17
VisualStudioVersion = 17.8.34330.188
MinimumVisualStudioVersion = 10.0.40219.1
Project("{9A19103F-16F7-4668-BE54-9A1E7A4F7556}") = "CrownForecaster.Backend.ML", "CrownForecaster.Backend.ML\CrownForecaster.Backend.ML.csproj", "{4AA168D6-7DDC-4ABA-854E-798B079DCF65}"
EndProject
Project("{9A19103F-16F7-4668-BE54-9A1E7A4F7556}") = "CrownForecaster.Backend.TestApp", "CrownForecaster.Backend.TestApp\CrownForecaster.Backend.TestApp.csproj", "{2FE202F3-1957-4BEC-ACC3-AB088A77F97B}"
EndProject
Global
	GlobalSection(SolutionConfigurationPlatforms) = preSolution
		Debug|Any CPU = Debug|Any CPU
		Release|Any CPU = Release|Any CPU
	EndGlobalSection
	GlobalSection(ProjectConfigurationPlatforms) = postSolution
		{4AA168D6-7DDC-4ABA-854E-798B079DCF65}.Debug|Any CPU.ActiveCfg = Debug|Any CPU
		{4AA168D6-7DDC-4ABA-854E-798B079DCF65}.Debug|Any CPU.Build.0 = Debug|Any CPU
		{4AA168D6-7DDC-4ABA-854E-798B079DCF65}.Release|Any CPU.ActiveCfg = Release|Any CPU
		{4AA168D6-7DDC-4ABA-854E-798B079DCF65}.Release|Any CPU.Build.0 = Release|Any CPU
		{2FE202F3-1957-4BEC-ACC3-AB088A77F97B}.Debug|Any CPU.ActiveCfg = Debug|Any CPU
		{2FE202F3-1957-4BEC-ACC3-AB088A77F97B}.Debug|Any CPU.Build.0 = Debug|Any CPU
		{2FE202F3-1957-4BEC-ACC3-AB088A77F97B}.Release|Any CPU.ActiveCfg = Release|Any CPU
		{2FE202F3-1957-4BEC-ACC3-AB088A77F97B}.Release|Any CPU.Build.0 = Release|Any CPU
	EndGlobalSection
	GlobalSection(SolutionProperties) = preSolution
		HideSolutionNode = FALSE
	EndGlobalSection
	GlobalSection(ExtensibilityGlobals) = postSolution
		SolutionGuid = {53AF0EF9-291F-4910-A433-A7A6F2C71C1C}
	EndGlobalSection
EndGlobal
