
Microsoft Visual Studio Solution File, Format Version 12.00
# Visual Studio Version 17
VisualStudioVersion = 17.8.34330.188
MinimumVisualStudioVersion = 10.0.40219.1
Project("{9A19103F-16F7-4668-BE54-9A1E7A4F7556}") = "CrownForecaster.Tools.TestApp", "CrownForecaster.Tools.TestApp\CrownForecaster.Tools.TestApp.csproj", "{2FE202F3-1957-4BEC-ACC3-AB088A77F97B}"
EndProject
Project("{2150E333-8FDC-42A3-9474-1A3956D46DE8}") = "tests", "tests", "{848281A5-2BE2-4CA2-818A-023D3AFF8F4B}"
EndProject
Project("{9A19103F-16F7-4668-BE54-9A1E7A4F7556}") = "CrownForecaster.Tools.ExchangeRatesImporter", "CrownForecaster.Tools.ExchangeRatesImporter\CrownForecaster.Tools.ExchangeRatesImporter.csproj", "{97D11A99-CB54-4251-B161-9D06AEEF05ED}"
EndProject
Project("{9A19103F-16F7-4668-BE54-9A1E7A4F7556}") = "CrownForecaster.Tools.ExchangeRatesImporter.Tests", "CrownForecaster.Tools.ExchangeRatesImporter.Tests\CrownForecaster.Tools.ExchangeRatesImporter.Tests.csproj", "{ECE01325-A696-429F-8EE0-DF5966CBE07A}"
EndProject
Project("{2150E333-8FDC-42A3-9474-1A3956D46DE8}") = "shared", "shared", "{6744F043-98CF-43B1-8312-07ED9A6777E0}"
EndProject
Project("{9A19103F-16F7-4668-BE54-9A1E7A4F7556}") = "CrownForecaster.Shared.ExchangeRatesApiClient", "..\CrownForecaster.Shared\CrownForecaster.Shared.ExchangeRatesApiClient\CrownForecaster.Shared.ExchangeRatesApiClient.csproj", "{1C963C71-2C35-479C-AF9E-9CE699A2FBF4}"
EndProject
Project("{9A19103F-16F7-4668-BE54-9A1E7A4F7556}") = "CrownForecaster.Shared.ML", "..\CrownForecaster.Shared\CrownForecaster.Shared.ML\CrownForecaster.Shared.ML.csproj", "{984E65DB-7D0D-4B5B-BC0B-9B7BC8495416}"
EndProject
Global
	GlobalSection(SolutionConfigurationPlatforms) = preSolution
		Debug|Any CPU = Debug|Any CPU
		Release|Any CPU = Release|Any CPU
	EndGlobalSection
	GlobalSection(ProjectConfigurationPlatforms) = postSolution
		{2FE202F3-1957-4BEC-ACC3-AB088A77F97B}.Debug|Any CPU.ActiveCfg = Debug|Any CPU
		{2FE202F3-1957-4BEC-ACC3-AB088A77F97B}.Debug|Any CPU.Build.0 = Debug|Any CPU
		{2FE202F3-1957-4BEC-ACC3-AB088A77F97B}.Release|Any CPU.ActiveCfg = Release|Any CPU
		{2FE202F3-1957-4BEC-ACC3-AB088A77F97B}.Release|Any CPU.Build.0 = Release|Any CPU
		{97D11A99-CB54-4251-B161-9D06AEEF05ED}.Debug|Any CPU.ActiveCfg = Debug|Any CPU
		{97D11A99-CB54-4251-B161-9D06AEEF05ED}.Debug|Any CPU.Build.0 = Debug|Any CPU
		{97D11A99-CB54-4251-B161-9D06AEEF05ED}.Release|Any CPU.ActiveCfg = Release|Any CPU
		{97D11A99-CB54-4251-B161-9D06AEEF05ED}.Release|Any CPU.Build.0 = Release|Any CPU
		{ECE01325-A696-429F-8EE0-DF5966CBE07A}.Debug|Any CPU.ActiveCfg = Debug|Any CPU
		{ECE01325-A696-429F-8EE0-DF5966CBE07A}.Debug|Any CPU.Build.0 = Debug|Any CPU
		{ECE01325-A696-429F-8EE0-DF5966CBE07A}.Release|Any CPU.ActiveCfg = Release|Any CPU
		{ECE01325-A696-429F-8EE0-DF5966CBE07A}.Release|Any CPU.Build.0 = Release|Any CPU
		{1C963C71-2C35-479C-AF9E-9CE699A2FBF4}.Debug|Any CPU.ActiveCfg = Debug|Any CPU
		{1C963C71-2C35-479C-AF9E-9CE699A2FBF4}.Debug|Any CPU.Build.0 = Debug|Any CPU
		{1C963C71-2C35-479C-AF9E-9CE699A2FBF4}.Release|Any CPU.ActiveCfg = Release|Any CPU
		{1C963C71-2C35-479C-AF9E-9CE699A2FBF4}.Release|Any CPU.Build.0 = Release|Any CPU
		{984E65DB-7D0D-4B5B-BC0B-9B7BC8495416}.Debug|Any CPU.ActiveCfg = Debug|Any CPU
		{984E65DB-7D0D-4B5B-BC0B-9B7BC8495416}.Debug|Any CPU.Build.0 = Debug|Any CPU
		{984E65DB-7D0D-4B5B-BC0B-9B7BC8495416}.Release|Any CPU.ActiveCfg = Release|Any CPU
		{984E65DB-7D0D-4B5B-BC0B-9B7BC8495416}.Release|Any CPU.Build.0 = Release|Any CPU
	EndGlobalSection
	GlobalSection(SolutionProperties) = preSolution
		HideSolutionNode = FALSE
	EndGlobalSection
	GlobalSection(NestedProjects) = preSolution
		{ECE01325-A696-429F-8EE0-DF5966CBE07A} = {848281A5-2BE2-4CA2-818A-023D3AFF8F4B}
		{1C963C71-2C35-479C-AF9E-9CE699A2FBF4} = {6744F043-98CF-43B1-8312-07ED9A6777E0}
		{984E65DB-7D0D-4B5B-BC0B-9B7BC8495416} = {6744F043-98CF-43B1-8312-07ED9A6777E0}
	EndGlobalSection
	GlobalSection(ExtensibilityGlobals) = postSolution
		SolutionGuid = {53AF0EF9-291F-4910-A433-A7A6F2C71C1C}
	EndGlobalSection
EndGlobal
